
Microsoft Visual Studio Solution File, Format Version 12.00
# Visual Studio Version 17
VisualStudioVersion = 17.9.34728.123
MinimumVisualStudioVersion = 10.0.40219.1
Project("{FAE04EC0-301F-11D3-BF4B-00C04F79EFBC}") = "GerarDadosJSON", "GerarDadosJSON\GerarDadosJSON.csproj", "{29858ADF-39C2-405D-9525-35E65A955214}"
EndProject
Project("{FAE04EC0-301F-11D3-BF4B-00C04F79EFBC}") = "Models", "Models\Models.csproj", "{E1011D17-ED5D-4A88-95A0-C108C5054A97}"
EndProject
Global
	GlobalSection(SolutionConfigurationPlatforms) = preSolution
		Debug|Any CPU = Debug|Any CPU
		Release|Any CPU = Release|Any CPU
	EndGlobalSection
	GlobalSection(ProjectConfigurationPlatforms) = postSolution
		{29858ADF-39C2-405D-9525-35E65A955214}.Debug|Any CPU.ActiveCfg = Debug|Any CPU
		{29858ADF-39C2-405D-9525-35E65A955214}.Debug|Any CPU.Build.0 = Debug|Any CPU
		{29858ADF-39C2-405D-9525-35E65A955214}.Release|Any CPU.ActiveCfg = Release|Any CPU
		{29858ADF-39C2-405D-9525-35E65A955214}.Release|Any CPU.Build.0 = Release|Any CPU
		{E1011D17-ED5D-4A88-95A0-C108C5054A97}.Debug|Any CPU.ActiveCfg = Debug|Any CPU
		{E1011D17-ED5D-4A88-95A0-C108C5054A97}.Debug|Any CPU.Build.0 = Debug|Any CPU
		{E1011D17-ED5D-4A88-95A0-C108C5054A97}.Release|Any CPU.ActiveCfg = Release|Any CPU
		{E1011D17-ED5D-4A88-95A0-C108C5054A97}.Release|Any CPU.Build.0 = Release|Any CPU
	EndGlobalSection
	GlobalSection(SolutionProperties) = preSolution
		HideSolutionNode = FALSE
	EndGlobalSection
	GlobalSection(ExtensibilityGlobals) = postSolution
		SolutionGuid = {80D3A220-5BA8-48CD-9E0E-6177AE715331}
	EndGlobalSection
EndGlobal
