
Microsoft Visual Studio Solution File, Format Version 12.00
# Visual Studio Version 17
VisualStudioVersion = 17.9.34728.123
MinimumVisualStudioVersion = 10.0.40219.1
Project("{FAE04EC0-301F-11D3-BF4B-00C04F79EFBC}") = "ExtracaoRelatorios", "ExtracaoRelatorios\ExtracaoRelatorios.csproj", "{90F82EB7-9F20-4C3A-92C5-2DE205BD3BB2}"
EndProject
Project("{FAE04EC0-301F-11D3-BF4B-00C04F79EFBC}") = "Models", "Models\Models.csproj", "{6383B7DD-0F6A-442E-926E-A51FAEF1A2B4}"
EndProject
Project("{FAE04EC0-301F-11D3-BF4B-00C04F79EFBC}") = "Controllers", "Controllers\Controllers.csproj", "{390CEA95-A807-44E1-8284-287B7D8EDF84}"
EndProject
Project("{FAE04EC0-301F-11D3-BF4B-00C04F79EFBC}") = "Services", "Services\Services.csproj", "{BA65A3AB-B04D-4A64-87EE-488E753D32FB}"
EndProject
Project("{FAE04EC0-301F-11D3-BF4B-00C04F79EFBC}") = "Repositories", "Repositories\Repositories.csproj", "{E44B5C72-566A-4652-B989-D5A29880E847}"
EndProject
Global
	GlobalSection(SolutionConfigurationPlatforms) = preSolution
		Debug|Any CPU = Debug|Any CPU
		Release|Any CPU = Release|Any CPU
	EndGlobalSection
	GlobalSection(ProjectConfigurationPlatforms) = postSolution
		{90F82EB7-9F20-4C3A-92C5-2DE205BD3BB2}.Debug|Any CPU.ActiveCfg = Debug|Any CPU
		{90F82EB7-9F20-4C3A-92C5-2DE205BD3BB2}.Debug|Any CPU.Build.0 = Debug|Any CPU
		{90F82EB7-9F20-4C3A-92C5-2DE205BD3BB2}.Release|Any CPU.ActiveCfg = Release|Any CPU
		{90F82EB7-9F20-4C3A-92C5-2DE205BD3BB2}.Release|Any CPU.Build.0 = Release|Any CPU
		{6383B7DD-0F6A-442E-926E-A51FAEF1A2B4}.Debug|Any CPU.ActiveCfg = Debug|Any CPU
		{6383B7DD-0F6A-442E-926E-A51FAEF1A2B4}.Debug|Any CPU.Build.0 = Debug|Any CPU
		{6383B7DD-0F6A-442E-926E-A51FAEF1A2B4}.Release|Any CPU.ActiveCfg = Release|Any CPU
		{6383B7DD-0F6A-442E-926E-A51FAEF1A2B4}.Release|Any CPU.Build.0 = Release|Any CPU
		{390CEA95-A807-44E1-8284-287B7D8EDF84}.Debug|Any CPU.ActiveCfg = Debug|Any CPU
		{390CEA95-A807-44E1-8284-287B7D8EDF84}.Debug|Any CPU.Build.0 = Debug|Any CPU
		{390CEA95-A807-44E1-8284-287B7D8EDF84}.Release|Any CPU.ActiveCfg = Release|Any CPU
		{390CEA95-A807-44E1-8284-287B7D8EDF84}.Release|Any CPU.Build.0 = Release|Any CPU
		{BA65A3AB-B04D-4A64-87EE-488E753D32FB}.Debug|Any CPU.ActiveCfg = Debug|Any CPU
		{BA65A3AB-B04D-4A64-87EE-488E753D32FB}.Debug|Any CPU.Build.0 = Debug|Any CPU
		{BA65A3AB-B04D-4A64-87EE-488E753D32FB}.Release|Any CPU.ActiveCfg = Release|Any CPU
		{BA65A3AB-B04D-4A64-87EE-488E753D32FB}.Release|Any CPU.Build.0 = Release|Any CPU
		{E44B5C72-566A-4652-B989-D5A29880E847}.Debug|Any CPU.ActiveCfg = Debug|Any CPU
		{E44B5C72-566A-4652-B989-D5A29880E847}.Debug|Any CPU.Build.0 = Debug|Any CPU
		{E44B5C72-566A-4652-B989-D5A29880E847}.Release|Any CPU.ActiveCfg = Release|Any CPU
		{E44B5C72-566A-4652-B989-D5A29880E847}.Release|Any CPU.Build.0 = Release|Any CPU
	EndGlobalSection
	GlobalSection(SolutionProperties) = preSolution
		HideSolutionNode = FALSE
	EndGlobalSection
	GlobalSection(ExtensibilityGlobals) = postSolution
		SolutionGuid = {DB812DFA-B5A3-4F6F-80BF-4E80B0361CA7}
	EndGlobalSection
EndGlobal
